// !$*UTF8*$!
{
	archiveVersion = 1;
	classes = {
	};
	objectVersion = 51;
	objects = {

/* Begin PBXBuildFile section */
		1D2FEC122387E66D002FE3B2 /* AuthorizationVC.swift in Sources */ = {isa = PBXBuildFile; fileRef = 1D2FEC112387E66D002FE3B2 /* AuthorizationVC.swift */; };
		1D2FEC142387E67F002FE3B2 /* ChatVC.swift in Sources */ = {isa = PBXBuildFile; fileRef = 1D2FEC132387E67F002FE3B2 /* ChatVC.swift */; };
		1D5AC8E0238941B1001B61A1 /* GoogleService-Info.plist in Resources */ = {isa = PBXBuildFile; fileRef = 1D5AC8DF238941B0001B61A1 /* GoogleService-Info.plist */; };
		1D5AC8E2238943BF001B61A1 /* CommonFunc.swift in Sources */ = {isa = PBXBuildFile; fileRef = 1D5AC8E1238943BF001B61A1 /* CommonFunc.swift */; };
		1D5AC8E5238961EA001B61A1 /* MessageCell.swift in Sources */ = {isa = PBXBuildFile; fileRef = 1D5AC8E3238961EA001B61A1 /* MessageCell.swift */; };
		1D5AC8E6238961EA001B61A1 /* MessageCell.xib in Resources */ = {isa = PBXBuildFile; fileRef = 1D5AC8E4238961EA001B61A1 /* MessageCell.xib */; };
		1D5AC8EB238966A7001B61A1 /* Message.swift in Sources */ = {isa = PBXBuildFile; fileRef = 1D5AC8EA238966A7001B61A1 /* Message.swift */; };
		1DA119B0238AA42600F4CA5C /* Constant.swift in Sources */ = {isa = PBXBuildFile; fileRef = 1DA119AF238AA42600F4CA5C /* Constant.swift */; };
		1DB1B2932382B302007B24B6 /* AppDelegate.swift in Sources */ = {isa = PBXBuildFile; fileRef = 1DB1B2922382B302007B24B6 /* AppDelegate.swift */; };
		1DB1B2952382B302007B24B6 /* SceneDelegate.swift in Sources */ = {isa = PBXBuildFile; fileRef = 1DB1B2942382B302007B24B6 /* SceneDelegate.swift */; };
		1DB1B29C2382B305007B24B6 /* Assets.xcassets in Resources */ = {isa = PBXBuildFile; fileRef = 1DB1B29B2382B305007B24B6 /* Assets.xcassets */; };
		1DB1B29F2382B305007B24B6 /* LaunchScreen.storyboard in Resources */ = {isa = PBXBuildFile; fileRef = 1DB1B29D2382B305007B24B6 /* LaunchScreen.storyboard */; };
		1DB1B2A82382B379007B24B6 /* WelcomeVC.swift in Sources */ = {isa = PBXBuildFile; fileRef = 1DB1B2A72382B379007B24B6 /* WelcomeVC.swift */; };
		1DB1B2AC2382B3FB007B24B6 /* .gitignore in Resources */ = {isa = PBXBuildFile; fileRef = 1DB1B2AB2382B3FB007B24B6 /* .gitignore */; };
		1DB3C9EE238D4D0A00B869D8 /* Main.storyboard in Resources */ = {isa = PBXBuildFile; fileRef = 1DB3C9ED238D4D0A00B869D8 /* Main.storyboard */; };
		376167AD25397ED9F3718801 /* Pods_FlashChat.framework in Frameworks */ = {isa = PBXBuildFile; fileRef = 3A1BE2A1AEF13054FD23A8F3 /* Pods_FlashChat.framework */; };
/* End PBXBuildFile section */

/* Begin PBXFileReference section */
		1D2FEC112387E66D002FE3B2 /* AuthorizationVC.swift */ = {isa = PBXFileReference; lastKnownFileType = sourcecode.swift; path = AuthorizationVC.swift; sourceTree = "<group>"; };
		1D2FEC132387E67F002FE3B2 /* ChatVC.swift */ = {isa = PBXFileReference; lastKnownFileType = sourcecode.swift; path = ChatVC.swift; sourceTree = "<group>"; };
		1D5AC8DF238941B0001B61A1 /* GoogleService-Info.plist */ = {isa = PBXFileReference; fileEncoding = 4; lastKnownFileType = text.plist.xml; path = "GoogleService-Info.plist"; sourceTree = "<group>"; };
		1D5AC8E1238943BF001B61A1 /* CommonFunc.swift */ = {isa = PBXFileReference; fileEncoding = 4; lastKnownFileType = sourcecode.swift; path = CommonFunc.swift; sourceTree = "<group>"; };
		1D5AC8E3238961EA001B61A1 /* MessageCell.swift */ = {isa = PBXFileReference; lastKnownFileType = sourcecode.swift; path = MessageCell.swift; sourceTree = "<group>"; };
		1D5AC8E4238961EA001B61A1 /* MessageCell.xib */ = {isa = PBXFileReference; lastKnownFileType = file.xib; path = MessageCell.xib; sourceTree = "<group>"; };
		1D5AC8EA238966A7001B61A1 /* Message.swift */ = {isa = PBXFileReference; lastKnownFileType = sourcecode.swift; path = Message.swift; sourceTree = "<group>"; };
		1DA119AF238AA42600F4CA5C /* Constant.swift */ = {isa = PBXFileReference; lastKnownFileType = sourcecode.swift; path = Constant.swift; sourceTree = "<group>"; };
		1DB1B28F2382B302007B24B6 /* FlashChat.app */ = {isa = PBXFileReference; explicitFileType = wrapper.application; includeInIndex = 0; path = FlashChat.app; sourceTree = BUILT_PRODUCTS_DIR; };
		1DB1B2922382B302007B24B6 /* AppDelegate.swift */ = {isa = PBXFileReference; lastKnownFileType = sourcecode.swift; path = AppDelegate.swift; sourceTree = "<group>"; };
		1DB1B2942382B302007B24B6 /* SceneDelegate.swift */ = {isa = PBXFileReference; lastKnownFileType = sourcecode.swift; path = SceneDelegate.swift; sourceTree = "<group>"; };
		1DB1B29B2382B305007B24B6 /* Assets.xcassets */ = {isa = PBXFileReference; lastKnownFileType = folder.assetcatalog; path = Assets.xcassets; sourceTree = "<group>"; };
		1DB1B29E2382B305007B24B6 /* Base */ = {isa = PBXFileReference; lastKnownFileType = file.storyboard; name = Base; path = Base.lproj/LaunchScreen.storyboard; sourceTree = "<group>"; };
		1DB1B2A02382B305007B24B6 /* Info.plist */ = {isa = PBXFileReference; lastKnownFileType = text.plist.xml; path = Info.plist; sourceTree = "<group>"; };
		1DB1B2A72382B379007B24B6 /* WelcomeVC.swift */ = {isa = PBXFileReference; lastKnownFileType = sourcecode.swift; path = WelcomeVC.swift; sourceTree = "<group>"; };
		1DB1B2AB2382B3FB007B24B6 /* .gitignore */ = {isa = PBXFileReference; lastKnownFileType = text; path = .gitignore; sourceTree = "<group>"; };
		1DB3C9ED238D4D0A00B869D8 /* Main.storyboard */ = {isa = PBXFileReference; fileEncoding = 4; lastKnownFileType = file.storyboard; path = Main.storyboard; sourceTree = "<group>"; };
		2AEB488DB23E6520D115CB00 /* Pods-FlashChat.debug.xcconfig */ = {isa = PBXFileReference; includeInIndex = 1; lastKnownFileType = text.xcconfig; name = "Pods-FlashChat.debug.xcconfig"; path = "Target Support Files/Pods-FlashChat/Pods-FlashChat.debug.xcconfig"; sourceTree = "<group>"; };
		3A1BE2A1AEF13054FD23A8F3 /* Pods_FlashChat.framework */ = {isa = PBXFileReference; explicitFileType = wrapper.framework; includeInIndex = 0; path = Pods_FlashChat.framework; sourceTree = BUILT_PRODUCTS_DIR; };
		5ADBDAF908DA4312213B821A /* Pods-FlashChat.release.xcconfig */ = {isa = PBXFileReference; includeInIndex = 1; lastKnownFileType = text.xcconfig; name = "Pods-FlashChat.release.xcconfig"; path = "Target Support Files/Pods-FlashChat/Pods-FlashChat.release.xcconfig"; sourceTree = "<group>"; };
/* End PBXFileReference section */

/* Begin PBXFrameworksBuildPhase section */
		1DB1B28C2382B302007B24B6 /* Frameworks */ = {
			isa = PBXFrameworksBuildPhase;
			buildActionMask = 2147483647;
			files = (
				376167AD25397ED9F3718801 /* Pods_FlashChat.framework in Frameworks */,
			);
			runOnlyForDeploymentPostprocessing = 0;
		};
/* End PBXFrameworksBuildPhase section */

/* Begin PBXGroup section */
		1D5AC8E72389667D001B61A1 /* Model */ = {
			isa = PBXGroup;
			children = (
				1D5AC8EA238966A7001B61A1 /* Message.swift */,
			);
			path = Model;
			sourceTree = "<group>";
		};
		1DB1B2862382B302007B24B6 = {
			isa = PBXGroup;
			children = (
				1DB1B2912382B302007B24B6 /* FlashChat */,
				1DB1B2902382B302007B24B6 /* Products */,
				2F8CD997637537DA7322BDB1 /* Pods */,
				2AEE52890F3A2836B875F875 /* Frameworks */,
			);
			sourceTree = "<group>";
		};
		1DB1B2902382B302007B24B6 /* Products */ = {
			isa = PBXGroup;
			children = (
				1DB1B28F2382B302007B24B6 /* FlashChat.app */,
			);
			name = Products;
			sourceTree = "<group>";
		};
		1DB1B2912382B302007B24B6 /* FlashChat */ = {
			isa = PBXGroup;
			children = (
				1DB1B2922382B302007B24B6 /* AppDelegate.swift */,
				1DB1B2942382B302007B24B6 /* SceneDelegate.swift */,
				1D5AC8E72389667D001B61A1 /* Model */,
				1DB1B2A62382B35A007B24B6 /* View */,
				1DB1B2A92382B37D007B24B6 /* Controler */,
				1DB1B2AA2382B39A007B24B6 /* Support Files */,
			);
			path = FlashChat;
			sourceTree = "<group>";
		};
		1DB1B2A62382B35A007B24B6 /* View */ = {
			isa = PBXGroup;
			children = (
				1D5AC8E3238961EA001B61A1 /* MessageCell.swift */,
				1D5AC8E4238961EA001B61A1 /* MessageCell.xib */,
				1DB3C9ED238D4D0A00B869D8 /* Main.storyboard */,
				1DB1B29D2382B305007B24B6 /* LaunchScreen.storyboard */,
			);
			path = View;
			sourceTree = "<group>";
		};
		1DB1B2A92382B37D007B24B6 /* Controler */ = {
			isa = PBXGroup;
			children = (
				1DB1B2A72382B379007B24B6 /* WelcomeVC.swift */,
				1D2FEC112387E66D002FE3B2 /* AuthorizationVC.swift */,
				1D2FEC132387E67F002FE3B2 /* ChatVC.swift */,
			);
			path = Controler;
			sourceTree = "<group>";
		};
		1DB1B2AA2382B39A007B24B6 /* Support Files */ = {
			isa = PBXGroup;
			children = (
				1D5AC8E1238943BF001B61A1 /* CommonFunc.swift */,
				1DA119AF238AA42600F4CA5C /* Constant.swift */,
				1DB1B29B2382B305007B24B6 /* Assets.xcassets */,
				1D5AC8DF238941B0001B61A1 /* GoogleService-Info.plist */,
				1DB1B2A02382B305007B24B6 /* Info.plist */,
				1DB1B2AB2382B3FB007B24B6 /* .gitignore */,
			);
			path = "Support Files";
			sourceTree = "<group>";
		};
		2AEE52890F3A2836B875F875 /* Frameworks */ = {
			isa = PBXGroup;
			children = (
				3A1BE2A1AEF13054FD23A8F3 /* Pods_FlashChat.framework */,
			);
			name = Frameworks;
			sourceTree = "<group>";
		};
		2F8CD997637537DA7322BDB1 /* Pods */ = {
			isa = PBXGroup;
			children = (
				2AEB488DB23E6520D115CB00 /* Pods-FlashChat.debug.xcconfig */,
				5ADBDAF908DA4312213B821A /* Pods-FlashChat.release.xcconfig */,
			);
			path = Pods;
			sourceTree = "<group>";
		};
/* End PBXGroup section */

/* Begin PBXNativeTarget section */
		1DB1B28E2382B302007B24B6 /* FlashChat */ = {
			isa = PBXNativeTarget;
			buildConfigurationList = 1DB1B2A32382B305007B24B6 /* Build configuration list for PBXNativeTarget "FlashChat" */;
			buildPhases = (
				80B4287C72EDC3FC57ACB00B /* [CP] Check Pods Manifest.lock */,
				1DB1B28B2382B302007B24B6 /* Sources */,
				1DB1B28C2382B302007B24B6 /* Frameworks */,
				1DB1B28D2382B302007B24B6 /* Resources */,
				A92660219CD2F1B67FCA9EE1 /* [CP] Embed Pods Frameworks */,
			);
			buildRules = (
			);
			dependencies = (
			);
			name = FlashChat;
			productName = FlashChat;
			productReference = 1DB1B28F2382B302007B24B6 /* FlashChat.app */;
			productType = "com.apple.product-type.application";
		};
/* End PBXNativeTarget section */

/* Begin PBXProject section */
		1DB1B2872382B302007B24B6 /* Project object */ = {
			isa = PBXProject;
			attributes = {
				LastSwiftUpdateCheck = 1120;
				LastUpgradeCheck = 1120;
				ORGANIZATIONNAME = "Vitalii Andrianov";
				TargetAttributes = {
					1DB1B28E2382B302007B24B6 = {
						CreatedOnToolsVersion = 11.2.1;
					};
				};
			};
			buildConfigurationList = 1DB1B28A2382B302007B24B6 /* Build configuration list for PBXProject "FlashChat" */;
			compatibilityVersion = "Xcode 9.3";
			developmentRegion = en;
			hasScannedForEncodings = 0;
			knownRegions = (
				en,
				Base,
			);
			mainGroup = 1DB1B2862382B302007B24B6;
			productRefGroup = 1DB1B2902382B302007B24B6 /* Products */;
			projectDirPath = "";
			projectRoot = "";
			targets = (
				1DB1B28E2382B302007B24B6 /* FlashChat */,
			);
		};
/* End PBXProject section */

/* Begin PBXResourcesBuildPhase section */
		1DB1B28D2382B302007B24B6 /* Resources */ = {
			isa = PBXResourcesBuildPhase;
			buildActionMask = 2147483647;
			files = (
				1DB1B2AC2382B3FB007B24B6 /* .gitignore in Resources */,
				1D5AC8E6238961EA001B61A1 /* MessageCell.xib in Resources */,
				1DB1B29F2382B305007B24B6 /* LaunchScreen.storyboard in Resources */,
				1DB3C9EE238D4D0A00B869D8 /* Main.storyboard in Resources */,
				1D5AC8E0238941B1001B61A1 /* GoogleService-Info.plist in Resources */,
				1DB1B29C2382B305007B24B6 /* Assets.xcassets in Resources */,
			);
			runOnlyForDeploymentPostprocessing = 0;
		};
/* End PBXResourcesBuildPhase section */

/* Begin PBXShellScriptBuildPhase section */
		80B4287C72EDC3FC57ACB00B /* [CP] Check Pods Manifest.lock */ = {
			isa = PBXShellScriptBuildPhase;
			buildActionMask = 2147483647;
			files = (
			);
			inputFileListPaths = (
			);
			inputPaths = (
				"${PODS_PODFILE_DIR_PATH}/Podfile.lock",
				"${PODS_ROOT}/Manifest.lock",
			);
			name = "[CP] Check Pods Manifest.lock";
			outputFileListPaths = (
			);
			outputPaths = (
				"$(DERIVED_FILE_DIR)/Pods-FlashChat-checkManifestLockResult.txt",
			);
			runOnlyForDeploymentPostprocessing = 0;
			shellPath = /bin/sh;
			shellScript = "diff \"${PODS_PODFILE_DIR_PATH}/Podfile.lock\" \"${PODS_ROOT}/Manifest.lock\" > /dev/null\nif [ $? != 0 ] ; then\n    # print error to STDERR\n    echo \"error: The sandbox is not in sync with the Podfile.lock. Run 'pod install' or update your CocoaPods installation.\" >&2\n    exit 1\nfi\n# This output is used by Xcode 'outputs' to avoid re-running this script phase.\necho \"SUCCESS\" > \"${SCRIPT_OUTPUT_FILE_0}\"\n";
			showEnvVarsInLog = 0;
		};
		A92660219CD2F1B67FCA9EE1 /* [CP] Embed Pods Frameworks */ = {
			isa = PBXShellScriptBuildPhase;
			buildActionMask = 2147483647;
			files = (
			);
			inputFileListPaths = (
				"${PODS_ROOT}/Target Support Files/Pods-FlashChat/Pods-FlashChat-frameworks-${CONFIGURATION}-input-files.xcfilelist",
			);
			name = "[CP] Embed Pods Frameworks";
			outputFileListPaths = (
				"${PODS_ROOT}/Target Support Files/Pods-FlashChat/Pods-FlashChat-frameworks-${CONFIGURATION}-output-files.xcfilelist",
			);
			runOnlyForDeploymentPostprocessing = 0;
			shellPath = /bin/sh;
			shellScript = "\"${PODS_ROOT}/Target Support Files/Pods-FlashChat/Pods-FlashChat-frameworks.sh\"\n";
			showEnvVarsInLog = 0;
		};
/* End PBXShellScriptBuildPhase section */

/* Begin PBXSourcesBuildPhase section */
		1DB1B28B2382B302007B24B6 /* Sources */ = {
			isa = PBXSourcesBuildPhase;
			buildActionMask = 2147483647;
			files = (
				1DB1B2932382B302007B24B6 /* AppDelegate.swift in Sources */,
				1DB1B2952382B302007B24B6 /* SceneDelegate.swift in Sources */,
				1DA119B0238AA42600F4CA5C /* Constant.swift in Sources */,
				1D2FEC122387E66D002FE3B2 /* AuthorizationVC.swift in Sources */,
				1DB1B2A82382B379007B24B6 /* WelcomeVC.swift in Sources */,
				1D5AC8E2238943BF001B61A1 /* CommonFunc.swift in Sources */,
				1D5AC8EB238966A7001B61A1 /* Message.swift in Sources */,
				1D2FEC142387E67F002FE3B2 /* ChatVC.swift in Sources */,
				1D5AC8E5238961EA001B61A1 /* MessageCell.swift in Sources */,
			);
			runOnlyForDeploymentPostprocessing = 0;
		};
/* End PBXSourcesBuildPhase section */

/* Begin PBXVariantGroup section */
		1DB1B29D2382B305007B24B6 /* LaunchScreen.storyboard */ = {
			isa = PBXVariantGroup;
			children = (
				1DB1B29E2382B305007B24B6 /* Base */,
			);
			name = LaunchScreen.storyboard;
			sourceTree = "<group>";
		};
/* End PBXVariantGroup section */

/* Begin XCBuildConfiguration section */
		1DB1B2A12382B305007B24B6 /* Debug */ = {
			isa = XCBuildConfiguration;
			buildSettings = {
				ALWAYS_SEARCH_USER_PATHS = NO;
				CLANG_ANALYZER_NONNULL = YES;
				CLANG_ANALYZER_NUMBER_OBJECT_CONVERSION = YES_AGGRESSIVE;
				CLANG_CXX_LANGUAGE_STANDARD = "gnu++14";
				CLANG_CXX_LIBRARY = "libc++";
				CLANG_ENABLE_MODULES = YES;
				CLANG_ENABLE_OBJC_ARC = YES;
				CLANG_ENABLE_OBJC_WEAK = YES;
				CLANG_WARN_BLOCK_CAPTURE_AUTORELEASING = YES;
				CLANG_WARN_BOOL_CONVERSION = YES;
				CLANG_WARN_COMMA = YES;
				CLANG_WARN_CONSTANT_CONVERSION = YES;
				CLANG_WARN_DEPRECATED_OBJC_IMPLEMENTATIONS = YES;
				CLANG_WARN_DIRECT_OBJC_ISA_USAGE = YES_ERROR;
				CLANG_WARN_DOCUMENTATION_COMMENTS = YES;
				CLANG_WARN_EMPTY_BODY = YES;
				CLANG_WARN_ENUM_CONVERSION = YES;
				CLANG_WARN_INFINITE_RECURSION = YES;
				CLANG_WARN_INT_CONVERSION = YES;
				CLANG_WARN_NON_LITERAL_NULL_CONVERSION = YES;
				CLANG_WARN_OBJC_IMPLICIT_RETAIN_SELF = YES;
				CLANG_WARN_OBJC_LITERAL_CONVERSION = YES;
				CLANG_WARN_OBJC_ROOT_CLASS = YES_ERROR;
				CLANG_WARN_RANGE_LOOP_ANALYSIS = YES;
				CLANG_WARN_STRICT_PROTOTYPES = YES;
				CLANG_WARN_SUSPICIOUS_MOVE = YES;
				CLANG_WARN_UNGUARDED_AVAILABILITY = YES_AGGRESSIVE;
				CLANG_WARN_UNREACHABLE_CODE = YES;
				CLANG_WARN__DUPLICATE_METHOD_MATCH = YES;
				COPY_PHASE_STRIP = NO;
				DEBUG_INFORMATION_FORMAT = dwarf;
				ENABLE_STRICT_OBJC_MSGSEND = YES;
				ENABLE_TESTABILITY = YES;
				GCC_C_LANGUAGE_STANDARD = gnu11;
				GCC_DYNAMIC_NO_PIC = NO;
				GCC_NO_COMMON_BLOCKS = YES;
				GCC_OPTIMIZATION_LEVEL = 0;
				GCC_PREPROCESSOR_DEFINITIONS = (
					"DEBUG=1",
					"$(inherited)",
				);
				GCC_WARN_64_TO_32_BIT_CONVERSION = YES;
				GCC_WARN_ABOUT_RETURN_TYPE = YES_ERROR;
				GCC_WARN_UNDECLARED_SELECTOR = YES;
				GCC_WARN_UNINITIALIZED_AUTOS = YES_AGGRESSIVE;
				GCC_WARN_UNUSED_FUNCTION = YES;
				GCC_WARN_UNUSED_VARIABLE = YES;
				IPHONEOS_DEPLOYMENT_TARGET = 13.1;
				MTL_ENABLE_DEBUG_INFO = INCLUDE_SOURCE;
				MTL_FAST_MATH = YES;
				ONLY_ACTIVE_ARCH = YES;
				SDKROOT = iphoneos;
				SWIFT_ACTIVE_COMPILATION_CONDITIONS = DEBUG;
				SWIFT_OPTIMIZATION_LEVEL = "-Onone";
			};
			name = Debug;
		};
		1DB1B2A22382B305007B24B6 /* Release */ = {
			isa = XCBuildConfiguration;
			buildSettings = {
				ALWAYS_SEARCH_USER_PATHS = NO;
				CLANG_ANALYZER_NONNULL = YES;
				CLANG_ANALYZER_NUMBER_OBJECT_CONVERSION = YES_AGGRESSIVE;
				CLANG_CXX_LANGUAGE_STANDARD = "gnu++14";
				CLANG_CXX_LIBRARY = "libc++";
				CLANG_ENABLE_MODULES = YES;
				CLANG_ENABLE_OBJC_ARC = YES;
				CLANG_ENABLE_OBJC_WEAK = YES;
				CLANG_WARN_BLOCK_CAPTURE_AUTORELEASING = YES;
				CLANG_WARN_BOOL_CONVERSION = YES;
				CLANG_WARN_COMMA = YES;
				CLANG_WARN_CONSTANT_CONVERSION = YES;
				CLANG_WARN_DEPRECATED_OBJC_IMPLEMENTATIONS = YES;
				CLANG_WARN_DIRECT_OBJC_ISA_USAGE = YES_ERROR;
				CLANG_WARN_DOCUMENTATION_COMMENTS = YES;
				CLANG_WARN_EMPTY_BODY = YES;
				CLANG_WARN_ENUM_CONVERSION = YES;
				CLANG_WARN_INFINITE_RECURSION = YES;
				CLANG_WARN_INT_CONVERSION = YES;
				CLANG_WARN_NON_LITERAL_NULL_CONVERSION = YES;
				CLANG_WARN_OBJC_IMPLICIT_RETAIN_SELF = YES;
				CLANG_WARN_OBJC_LITERAL_CONVERSION = YES;
				CLANG_WARN_OBJC_ROOT_CLASS = YES_ERROR;
				CLANG_WARN_RANGE_LOOP_ANALYSIS = YES;
				CLANG_WARN_STRICT_PROTOTYPES = YES;
				CLANG_WARN_SUSPICIOUS_MOVE = YES;
				CLANG_WARN_UNGUARDED_AVAILABILITY = YES_AGGRESSIVE;
				CLANG_WARN_UNREACHABLE_CODE = YES;
				CLANG_WARN__DUPLICATE_METHOD_MATCH = YES;
				COPY_PHASE_STRIP = NO;
				DEBUG_INFORMATION_FORMAT = "dwarf-with-dsym";
				ENABLE_NS_ASSERTIONS = NO;
				ENABLE_STRICT_OBJC_MSGSEND = YES;
				GCC_C_LANGUAGE_STANDARD = gnu11;
				GCC_NO_COMMON_BLOCKS = YES;
				GCC_WARN_64_TO_32_BIT_CONVERSION = YES;
				GCC_WARN_ABOUT_RETURN_TYPE = YES_ERROR;
				GCC_WARN_UNDECLARED_SELECTOR = YES;
				GCC_WARN_UNINITIALIZED_AUTOS = YES_AGGRESSIVE;
				GCC_WARN_UNUSED_FUNCTION = YES;
				GCC_WARN_UNUSED_VARIABLE = YES;
				IPHONEOS_DEPLOYMENT_TARGET = 13.1;
				MTL_ENABLE_DEBUG_INFO = NO;
				MTL_FAST_MATH = YES;
				SDKROOT = iphoneos;
				SWIFT_COMPILATION_MODE = wholemodule;
				SWIFT_OPTIMIZATION_LEVEL = "-O";
				VALIDATE_PRODUCT = YES;
			};
			name = Release;
		};
		1DB1B2A42382B305007B24B6 /* Debug */ = {
			isa = XCBuildConfiguration;
			baseConfigurationReference = 2AEB488DB23E6520D115CB00 /* Pods-FlashChat.debug.xcconfig */;
			buildSettings = {
				ASSETCATALOG_COMPILER_APPICON_NAME = AppIcon;
				CODE_SIGN_STYLE = Automatic;
				DEVELOPMENT_TEAM = 7H74985F78;
				INFOPLIST_FILE = "FlashChat/Support Files/Info.plist";
				LD_RUNPATH_SEARCH_PATHS = (
					"$(inherited)",
					"@executable_path/Frameworks",
				);
				PRODUCT_BUNDLE_IDENTIFIER = com.vitalii.andrianov.FlashChat;
				PRODUCT_NAME = "$(TARGET_NAME)";
				SWIFT_VERSION = 5.0;
				TARGETED_DEVICE_FAMILY = 1;
			};
			name = Debug;
		};
		1DB1B2A52382B305007B24B6 /* Release */ = {
			isa = XCBuildConfiguration;
			baseConfigurationReference = 5ADBDAF908DA4312213B821A /* Pods-FlashChat.release.xcconfig */;
			buildSettings = {
				ASSETCATALOG_COMPILER_APPICON_NAME = AppIcon;
				CODE_SIGN_STYLE = Automatic;
				DEVELOPMENT_TEAM = 7H74985F78;
				INFOPLIST_FILE = "FlashChat/Support Files/Info.plist";
				LD_RUNPATH_SEARCH_PATHS = (
					"$(inherited)",
					"@executable_path/Frameworks",
				);
				PRODUCT_BUNDLE_IDENTIFIER = com.vitalii.andrianov.FlashChat;
				PRODUCT_NAME = "$(TARGET_NAME)";
				SWIFT_VERSION = 5.0;
				TARGETED_DEVICE_FAMILY = 1;
			};
			name = Release;
		};
/* End XCBuildConfiguration section */

/* Begin XCConfigurationList section */
		1DB1B28A2382B302007B24B6 /* Build configuration list for PBXProject "FlashChat" */ = {
			isa = XCConfigurationList;
			buildConfigurations = (
				1DB1B2A12382B305007B24B6 /* Debug */,
				1DB1B2A22382B305007B24B6 /* Release */,
			);
			defaultConfigurationIsVisible = 0;
			defaultConfigurationName = Release;
		};
		1DB1B2A32382B305007B24B6 /* Build configuration list for PBXNativeTarget "FlashChat" */ = {
			isa = XCConfigurationList;
			buildConfigurations = (
				1DB1B2A42382B305007B24B6 /* Debug */,
				1DB1B2A52382B305007B24B6 /* Release */,
			);
			defaultConfigurationIsVisible = 0;
			defaultConfigurationName = Release;
		};
/* End XCConfigurationList section */
	};
	rootObject = 1DB1B2872382B302007B24B6 /* Project object */;
}
